
Microsoft Visual Studio Solution File, Format Version 12.00
# Visual Studio Version 17
VisualStudioVersion = 17.14.36301.6 d17.14
MinimumVisualStudioVersion = 10.0.40219.1
Project("{FAE04EC0-301F-11D3-BF4B-00C04F79EFBC}") = "E-Commerce", "E-Commerce.csproj", "{96BCB339-4C6B-4BDF-BB5F-F6649B3E9FAD}"
EndProject
Global
	GlobalSection(SolutionConfigurationPlatforms) = preSolution
		Debug|Any CPU = Debug|Any CPU
		Release|Any CPU = Release|Any CPU
	EndGlobalSection
	GlobalSection(ProjectConfigurationPlatforms) = postSolution
		{96BCB339-4C6B-4BDF-BB5F-F6649B3E9FAD}.Debug|Any CPU.ActiveCfg = Debug|Any CPU
		{96BCB339-4C6B-4BDF-BB5F-F6649B3E9FAD}.Debug|Any CPU.Build.0 = Debug|Any CPU
		{96BCB339-4C6B-4BDF-BB5F-F6649B3E9FAD}.Release|Any CPU.ActiveCfg = Release|Any CPU
		{96BCB339-4C6B-4BDF-BB5F-F6649B3E9FAD}.Release|Any CPU.Build.0 = Release|Any CPU
	EndGlobalSection
	GlobalSection(SolutionProperties) = preSolution
		HideSolutionNode = FALSE
	EndGlobalSection
	GlobalSection(ExtensibilityGlobals) = postSolution
		SolutionGuid = {DA4CC254-924B-4A80-88A9-DAD3BB4F3934}
	EndGlobalSection
EndGlobal
